
Microsoft Visual Studio Solution File, Format Version 12.00
# Visual Studio Version 16
VisualStudioVersion = 16.0.31911.196
MinimumVisualStudioVersion = 10.0.40219.1
Project("{FAE04EC0-301F-11D3-BF4B-00C04F79EFBC}") = "Llibrary_Management_System", "Llibrary_Management_System\Llibrary_Management_System.csproj", "{35EF0F25-73D9-4476-9740-C4E7C6F0051A}"
EndProject
Global
	GlobalSection(SolutionConfigurationPlatforms) = preSolution
		Debug|Any CPU = Debug|Any CPU
		Release|Any CPU = Release|Any CPU
	EndGlobalSection
	GlobalSection(ProjectConfigurationPlatforms) = postSolution
		{35EF0F25-73D9-4476-9740-C4E7C6F0051A}.Debug|Any CPU.ActiveCfg = Debug|Any CPU
		{35EF0F25-73D9-4476-9740-C4E7C6F0051A}.Debug|Any CPU.Build.0 = Debug|Any CPU
		{35EF0F25-73D9-4476-9740-C4E7C6F0051A}.Release|Any CPU.ActiveCfg = Release|Any CPU
		{35EF0F25-73D9-4476-9740-C4E7C6F0051A}.Release|Any CPU.Build.0 = Release|Any CPU
	EndGlobalSection
	GlobalSection(SolutionProperties) = preSolution
		HideSolutionNode = FALSE
	EndGlobalSection
	GlobalSection(ExtensibilityGlobals) = postSolution
		SolutionGuid = {C06088C8-038E-42D2-8565-E99736D9951A}
	EndGlobalSection
EndGlobal
